
Microsoft Visual Studio Solution File, Format Version 12.00
# Visual Studio 15
VisualStudioVersion = 15.0.26730.16
MinimumVisualStudioVersion = 10.0.40219.1
Project("{FAE04EC0-301F-11D3-BF4B-00C04F79EFBC}") = "CatsGoWild", "CatsGoWild\CatsGoWild.csproj", "{31E849AD-88B4-47A0-9E70-BFCABAC687B1}"
EndProject
Global
	GlobalSection(SolutionConfigurationPlatforms) = preSolution
		Debug|Any CPU = Debug|Any CPU
		Release|Any CPU = Release|Any CPU
	EndGlobalSection
	GlobalSection(ProjectConfigurationPlatforms) = postSolution
		{31E849AD-88B4-47A0-9E70-BFCABAC687B1}.Debug|Any CPU.ActiveCfg = Debug|Any CPU
		{31E849AD-88B4-47A0-9E70-BFCABAC687B1}.Debug|Any CPU.Build.0 = Debug|Any CPU
		{31E849AD-88B4-47A0-9E70-BFCABAC687B1}.Release|Any CPU.ActiveCfg = Release|Any CPU
		{31E849AD-88B4-47A0-9E70-BFCABAC687B1}.Release|Any CPU.Build.0 = Release|Any CPU
	EndGlobalSection
	GlobalSection(SolutionProperties) = preSolution
		HideSolutionNode = FALSE
	EndGlobalSection
	GlobalSection(ExtensibilityGlobals) = postSolution
		SolutionGuid = {2527AC27-CE18-4897-837A-BFDD14E38C96}
	EndGlobalSection
EndGlobal
